
Microsoft Visual Studio Solution File, Format Version 12.00
# Visual Studio 14
VisualStudioVersion = 14.0.25420.1
MinimumVisualStudioVersion = 10.0.40219.1
Project("{2150E333-8FDC-42A3-9474-1A3956D46DE8}") = "src", "src", "{181586EA-4B2E-4A58-91F7-A50515F1857D}"
EndProject
Project("{2150E333-8FDC-42A3-9474-1A3956D46DE8}") = "Solution Items", "Solution Items", "{90C42F61-C5E6-42EC-9C5E-0B6908619739}"
	ProjectSection(SolutionItems) = preProject
		global.json = global.json
	EndProjectSection
EndProject
Project("{8BB2217D-0F2D-49D1-97BC-3654ED321F3B}") = "Jettify", "src\Jettify\Jettify.xproj", "{1CAE032A-03EB-44F4-8D0F-0D29B8DFB48B}"
EndProject
Global
	GlobalSection(SolutionConfigurationPlatforms) = preSolution
		Debug|Any CPU = Debug|Any CPU
		Release|Any CPU = Release|Any CPU
	EndGlobalSection
	GlobalSection(ProjectConfigurationPlatforms) = postSolution
		{1CAE032A-03EB-44F4-8D0F-0D29B8DFB48B}.Debug|Any CPU.ActiveCfg = Debug|Any CPU
		{1CAE032A-03EB-44F4-8D0F-0D29B8DFB48B}.Debug|Any CPU.Build.0 = Debug|Any CPU
		{1CAE032A-03EB-44F4-8D0F-0D29B8DFB48B}.Release|Any CPU.ActiveCfg = Release|Any CPU
		{1CAE032A-03EB-44F4-8D0F-0D29B8DFB48B}.Release|Any CPU.Build.0 = Release|Any CPU
	EndGlobalSection
	GlobalSection(SolutionProperties) = preSolution
		HideSolutionNode = FALSE
	EndGlobalSection
	GlobalSection(NestedProjects) = preSolution
		{1CAE032A-03EB-44F4-8D0F-0D29B8DFB48B} = {181586EA-4B2E-4A58-91F7-A50515F1857D}
	EndGlobalSection
EndGlobal
