
Microsoft Visual Studio Solution File, Format Version 12.00
# Visual Studio 14
VisualStudioVersion = 14.0.25420.1
MinimumVisualStudioVersion = 10.0.40219.1
Project("{2150E333-8FDC-42A3-9474-1A3956D46DE8}") = "src", "src", "{181586EA-4B2E-4A58-91F7-A50515F1857D}"
EndProject
Project("{2150E333-8FDC-42A3-9474-1A3956D46DE8}") = "Solution Items", "Solution Items", "{90C42F61-C5E6-42EC-9C5E-0B6908619739}"
	ProjectSection(SolutionItems) = preProject
		global.json = global.json
	EndProjectSection
EndProject
Project("{8BB2217D-0F2D-49D1-97BC-3654ED321F3B}") = "Jettify.Extensions", "src\Jettify.Extensions\Jettify.Extensions.xproj", "{FF2AE8E4-8E92-4095-90AB-27DBF6087817}"
EndProject
Project("{8BB2217D-0F2D-49D1-97BC-3654ED321F3B}") = "Jettify.Serve", "src\Jettify.Serve\Jettify.Serve.xproj", "{FC31F626-8C23-43DF-9D93-B0BB96CFC326}"
EndProject
Project("{8BB2217D-0F2D-49D1-97BC-3654ED321F3B}") = "Jettify.Logging", "src\Jettify.Logging\Jettify.Logging.xproj", "{B1316684-6A9B-4C88-AA94-F5A380F9F969}"
EndProject
Project("{8BB2217D-0F2D-49D1-97BC-3654ED321F3B}") = "Jettify.Evt", "src\Jettify.Evt\Jettify.Evt.xproj", "{473FF2C5-7E3B-4ADA-BC17-BC4AB7267B1D}"
EndProject
Project("{8BB2217D-0F2D-49D1-97BC-3654ED321F3B}") = "Jettify.SafeTypes", "src\Jettify.SafeTypes\Jettify.SafeTypes.xproj", "{D33D7F6C-1BC6-4189-8863-6C2AF42C5491}"
EndProject
Project("{8BB2217D-0F2D-49D1-97BC-3654ED321F3B}") = "Jettify.Crypto", "src\Jettify.Crypto\Jettify.Crypto.xproj", "{DD8FC637-90F3-42F1-8AE4-4811D17458C5}"
EndProject
Global
	GlobalSection(SolutionConfigurationPlatforms) = preSolution
		Debug|Any CPU = Debug|Any CPU
		Release|Any CPU = Release|Any CPU
	EndGlobalSection
	GlobalSection(ProjectConfigurationPlatforms) = postSolution
		{FF2AE8E4-8E92-4095-90AB-27DBF6087817}.Debug|Any CPU.ActiveCfg = Debug|Any CPU
		{FF2AE8E4-8E92-4095-90AB-27DBF6087817}.Debug|Any CPU.Build.0 = Debug|Any CPU
		{FF2AE8E4-8E92-4095-90AB-27DBF6087817}.Release|Any CPU.ActiveCfg = Release|Any CPU
		{FF2AE8E4-8E92-4095-90AB-27DBF6087817}.Release|Any CPU.Build.0 = Release|Any CPU
		{FC31F626-8C23-43DF-9D93-B0BB96CFC326}.Debug|Any CPU.ActiveCfg = Debug|Any CPU
		{FC31F626-8C23-43DF-9D93-B0BB96CFC326}.Debug|Any CPU.Build.0 = Debug|Any CPU
		{FC31F626-8C23-43DF-9D93-B0BB96CFC326}.Release|Any CPU.ActiveCfg = Release|Any CPU
		{FC31F626-8C23-43DF-9D93-B0BB96CFC326}.Release|Any CPU.Build.0 = Release|Any CPU
		{B1316684-6A9B-4C88-AA94-F5A380F9F969}.Debug|Any CPU.ActiveCfg = Debug|Any CPU
		{B1316684-6A9B-4C88-AA94-F5A380F9F969}.Debug|Any CPU.Build.0 = Debug|Any CPU
		{B1316684-6A9B-4C88-AA94-F5A380F9F969}.Release|Any CPU.ActiveCfg = Release|Any CPU
		{B1316684-6A9B-4C88-AA94-F5A380F9F969}.Release|Any CPU.Build.0 = Release|Any CPU
		{473FF2C5-7E3B-4ADA-BC17-BC4AB7267B1D}.Debug|Any CPU.ActiveCfg = Debug|Any CPU
		{473FF2C5-7E3B-4ADA-BC17-BC4AB7267B1D}.Debug|Any CPU.Build.0 = Debug|Any CPU
		{473FF2C5-7E3B-4ADA-BC17-BC4AB7267B1D}.Release|Any CPU.ActiveCfg = Release|Any CPU
		{473FF2C5-7E3B-4ADA-BC17-BC4AB7267B1D}.Release|Any CPU.Build.0 = Release|Any CPU
		{D33D7F6C-1BC6-4189-8863-6C2AF42C5491}.Debug|Any CPU.ActiveCfg = Debug|Any CPU
		{D33D7F6C-1BC6-4189-8863-6C2AF42C5491}.Debug|Any CPU.Build.0 = Debug|Any CPU
		{D33D7F6C-1BC6-4189-8863-6C2AF42C5491}.Release|Any CPU.ActiveCfg = Release|Any CPU
		{D33D7F6C-1BC6-4189-8863-6C2AF42C5491}.Release|Any CPU.Build.0 = Release|Any CPU
		{DD8FC637-90F3-42F1-8AE4-4811D17458C5}.Debug|Any CPU.ActiveCfg = Debug|Any CPU
		{DD8FC637-90F3-42F1-8AE4-4811D17458C5}.Debug|Any CPU.Build.0 = Debug|Any CPU
		{DD8FC637-90F3-42F1-8AE4-4811D17458C5}.Release|Any CPU.ActiveCfg = Release|Any CPU
		{DD8FC637-90F3-42F1-8AE4-4811D17458C5}.Release|Any CPU.Build.0 = Release|Any CPU
	EndGlobalSection
	GlobalSection(SolutionProperties) = preSolution
		HideSolutionNode = FALSE
	EndGlobalSection
	GlobalSection(NestedProjects) = preSolution
		{FF2AE8E4-8E92-4095-90AB-27DBF6087817} = {181586EA-4B2E-4A58-91F7-A50515F1857D}
		{FC31F626-8C23-43DF-9D93-B0BB96CFC326} = {181586EA-4B2E-4A58-91F7-A50515F1857D}
		{B1316684-6A9B-4C88-AA94-F5A380F9F969} = {181586EA-4B2E-4A58-91F7-A50515F1857D}
		{473FF2C5-7E3B-4ADA-BC17-BC4AB7267B1D} = {181586EA-4B2E-4A58-91F7-A50515F1857D}
		{D33D7F6C-1BC6-4189-8863-6C2AF42C5491} = {181586EA-4B2E-4A58-91F7-A50515F1857D}
		{DD8FC637-90F3-42F1-8AE4-4811D17458C5} = {181586EA-4B2E-4A58-91F7-A50515F1857D}
	EndGlobalSection
EndGlobal
